
Microsoft Visual Studio Solution File, Format Version 12.00
# Visual Studio Version 16
VisualStudioVersion = 16.0.30011.22
MinimumVisualStudioVersion = 10.0.40219.1
Project("{2150E333-8FDC-42A3-9474-1A3956D46DE8}") = "src", "src", "{98D7A07E-2162-4D62-8BAE-D0A7B8948BB6}"
EndProject
Project("{9A19103F-16F7-4668-BE54-9A1E7A4F7556}") = "UserDataManagement", "src\UserDataManagement\UserDataManagement.csproj", "{1D115FE7-497B-4E3D-9400-9EE9565FBDF2}"
EndProject
Project("{9A19103F-16F7-4668-BE54-9A1E7A4F7556}") = "Build", "build\Build.csproj", "{62A2F098-C26F-47B8-9231-B129DF262A20}"
EndProject
Project("{2150E333-8FDC-42A3-9474-1A3956D46DE8}") = "Solution Items", "Solution Items", "{895FDC67-C758-49CA-899E-2C82F891E8CD}"
	ProjectSection(SolutionItems) = preProject
		Dockerfile = Dockerfile
	EndProjectSection
EndProject
Global
	GlobalSection(SolutionConfigurationPlatforms) = preSolution
		Debug|Any CPU = Debug|Any CPU
		Release|Any CPU = Release|Any CPU
	EndGlobalSection
	GlobalSection(ProjectConfigurationPlatforms) = postSolution
		{1D115FE7-497B-4E3D-9400-9EE9565FBDF2}.Debug|Any CPU.ActiveCfg = Debug|Any CPU
		{1D115FE7-497B-4E3D-9400-9EE9565FBDF2}.Debug|Any CPU.Build.0 = Debug|Any CPU
		{1D115FE7-497B-4E3D-9400-9EE9565FBDF2}.Release|Any CPU.ActiveCfg = Release|Any CPU
		{1D115FE7-497B-4E3D-9400-9EE9565FBDF2}.Release|Any CPU.Build.0 = Release|Any CPU
		{62A2F098-C26F-47B8-9231-B129DF262A20}.Debug|Any CPU.ActiveCfg = Debug|Any CPU
		{62A2F098-C26F-47B8-9231-B129DF262A20}.Release|Any CPU.ActiveCfg = Release|Any CPU
	EndGlobalSection
	GlobalSection(SolutionProperties) = preSolution
		HideSolutionNode = FALSE
	EndGlobalSection
	GlobalSection(NestedProjects) = preSolution
		{1D115FE7-497B-4E3D-9400-9EE9565FBDF2} = {98D7A07E-2162-4D62-8BAE-D0A7B8948BB6}
	EndGlobalSection
	GlobalSection(ExtensibilityGlobals) = postSolution
		SolutionGuid = {D6263960-8D48-447C-9038-AA423CDE1F76}
	EndGlobalSection
EndGlobal
